<?xml version="1.0" encoding="UTF-8" standalone="yes" ?>
<CodeBlocks_project_file>
	<FileVersion major="1" minor="6" />
	<Project>
		<Option title="Space" />
		<Option pch_mode="2" />
		<Option compiler="gcc" />
		<Build>
			<Target title="Debug">
				<Option output="bin/Debug/Space" prefix_auto="1" extension_auto="1" />
				<Option object_output="obj/Debug/" />
				<Option type="1" />
				<Option compiler="gcc" />
				<Compiler>
					<Add option="-std=c++11" />
					<Add option="-ansi" />
					<Add directory="SFML-2.0/include" />
				</Compiler>
				<Linker>
					<Add library="sfml-graphics-d" />
					<Add library="sfml-window-d" />
					<Add library="sfml-system-d" />
					<Add library="sfml-audio-d" />
					<Add library="sfml-network-d" />
					<Add directory="SFML-2.0/lib" />
				</Linker>
			</Target>
			<Target title="Release">
				<Option output="bin/Release/Space" prefix_auto="1" extension_auto="1" />
				<Option object_output="obj/Release/" />
				<Option type="0" />
				<Option compiler="gcc" />
				<Compiler>
					<Add option="-O2" />
				</Compiler>
				<Linker>
					<Add option="-s" />
					<Add library="sfml-graphics" />
					<Add library="sfml-window" />
					<Add library="sfml-system" />
					<Add library="sfml-audio" />
					<Add library="sfml-network" />
				</Linker>
			</Target>
		</Build>
		<Compiler>
			<Add option="-Wall" />
			<Add directory="SFML-2.0/include" />
		</Compiler>
		<Linker>
			<Add library="mingw32" />
			<Add library="user32" />
			<Add library="gdi32" />
			<Add library="winmm" />
			<Add library="dxguid" />
			<Add directory="SFML-2.0/lib" />
		</Linker>
		<Unit filename="Asteorida.h">
			<Option target="&lt;{~None~}&gt;" />
		</Unit>
		<Unit filename="Asteoridy.cpp" />
		<Unit filename="Boss.cpp" />
		<Unit filename="Boss.h" />
		<Unit filename="Collision.cpp" />
		<Unit filename="Collision.h">
			<Option target="&lt;{~None~}&gt;" />
		</Unit>
		<Unit filename="Eksplozja.h">
			<Option target="&lt;{~None~}&gt;" />
		</Unit>
		<Unit filename="PociskWroga.cpp" />
		<Unit filename="PociskWroga.h">
			<Option target="&lt;{~None~}&gt;" />
		</Unit>
		<Unit filename="Statek.cpp" />
		<Unit filename="Statek.h">
			<Option target="&lt;{~None~}&gt;" />
		</Unit>
		<Unit filename="Statek_Wroga.cpp" />
		<Unit filename="Statek_Wroga.h">
			<Option target="&lt;{~None~}&gt;" />
		</Unit>
		<Unit filename="Statystyki.cpp" />
		<Unit filename="Statystyki.h">
			<Option target="&lt;{~None~}&gt;" />
		</Unit>
		<Unit filename="Strzaly.cpp" />
		<Unit filename="Strzaly.h">
			<Option target="&lt;{~None~}&gt;" />
		</Unit>
		<Unit filename="eksplozja.cpp" />
		<Unit filename="main.cpp" />
		<Unit filename="space.h">
			<Option target="&lt;{~None~}&gt;" />
		</Unit>
		<Extensions>
			<code_completion />
			<envvars />
			<debugger />
		</Extensions>
	</Project>
</CodeBlocks_project_file>
